{
  "nodes": {
    "flake-utils": {
      "locked": {
        "lastModified": 1631561581,
        "narHash": "sha256-3VQMV5zvxaVLvqqUrNz3iJelLw30mIVSfZmAaauM3dA=",
        "owner": "numtide",
        "repo": "flake-utils",
        "rev": "7e5bf3925f6fbdfaf50a2a7ca0be2879c4261d19",
        "type": "github"
      },
      "original": {
        "owner": "numtide",
        "repo": "flake-utils",
        "type": "github"
      }
    },
    "haskell-flake-utils": {
      "inputs": {
        "flake-utils": "flake-utils"
      },
      "locked": {
        "lastModified": 1640090054,
        "narHash": "sha256-fyeigAvO7WgXhUjF22QrpiZ/7IR9BmVVkFK1TSLNZ/w=",
        "owner": "ivanovs-4",
        "repo": "haskell-flake-utils",
        "rev": "13607fa2f8eb89a1301c673226c976865b4dd512",
        "type": "github"
      },
      "original": {
        "owner": "ivanovs-4",
        "repo": "haskell-flake-utils",
        "type": "github"
      }
    },
    "nixpkgs": {
      "locked": {
        "lastModified": 1640091160,
        "narHash": "sha256-EJBHCR0l0kQPfHpBrtJSGdGm1gyNELDBn4De95NPr4k=",
        "owner": "NixOS",
        "repo": "nixpkgs",
        "rev": "0dd92e775ab9ed37455469f16469163e1e566575",
        "type": "github"
      },
      "original": {
        "owner": "NixOS",
        "repo": "nixpkgs",
        "type": "github"
      }
    },
    "root": {
      "inputs": {
        "haskell-flake-utils": "haskell-flake-utils",
        "nixpkgs": "nixpkgs"
      }
    }
  },
  "root": "root",
  "version": 7
}
